
Microsoft Visual Studio Solution File, Format Version 12.00
# Visual Studio Version 17
VisualStudioVersion = 17.9.34728.123
MinimumVisualStudioVersion = 10.0.40219.1
Project("{FAE04EC0-301F-11D3-BF4B-00C04F79EFBC}") = "AungMin", "AungMin.csproj", "{FF9ACEA9-24B0-47B9-BA8C-AE67F82F17CC}"
EndProject
Global
	GlobalSection(SolutionConfigurationPlatforms) = preSolution
		Debug|Any CPU = Debug|Any CPU
		Release|Any CPU = Release|Any CPU
	EndGlobalSection
	GlobalSection(ProjectConfigurationPlatforms) = postSolution
		{FF9ACEA9-24B0-47B9-BA8C-AE67F82F17CC}.Debug|Any CPU.ActiveCfg = Debug|Any CPU
		{FF9ACEA9-24B0-47B9-BA8C-AE67F82F17CC}.Debug|Any CPU.Build.0 = Debug|Any CPU
		{FF9ACEA9-24B0-47B9-BA8C-AE67F82F17CC}.Release|Any CPU.ActiveCfg = Release|Any CPU
		{FF9ACEA9-24B0-47B9-BA8C-AE67F82F17CC}.Release|Any CPU.Build.0 = Release|Any CPU
	EndGlobalSection
	GlobalSection(SolutionProperties) = preSolution
		HideSolutionNode = FALSE
	EndGlobalSection
	GlobalSection(ExtensibilityGlobals) = postSolution
		SolutionGuid = {51AAAACE-CF58-466F-A8F6-7DB78AF2959B}
	EndGlobalSection
EndGlobal
